<?xml version="1.0" encoding="utf-8"?>
<Project ToolsVersion="4.0" xmlns="http://schemas.microsoft.com/developer/msbuild/2003">
  <ItemGroup>
    <Filter Include="头文件">
      <UniqueIdentifier>{93995380-89BD-4b04-88EB-625FBE52EBFB}</UniqueIdentifier>
      <Extensions>h;hh;hpp;hxx;hm;inl;inc;xsd</Extensions>
    </Filter>
  </ItemGroup>
  <ItemGroup>
    <None Include="example\index.html" />
    <None Include="lib\codec\3rdparty\openh264\codec\common\x86\asm_inc.asm" />
    <None Include="lib\codec\3rdparty\openh264\codec\common\x86\cpuid.asm" />
    <None Include="lib\codec\3rdparty\openh264\codec\common\x86\dct.asm" />
    <None Include="lib\codec\3rdparty\openh264\codec\common\x86\deblock.asm" />
    <None Include="lib\codec\3rdparty\openh264\codec\common\x86\expand_picture.asm" />
    <None Include="lib\codec\3rdparty\openh264\codec\common\x86\intra_pred_com.asm" />
    <None Include="lib\codec\3rdparty\openh264\codec\common\x86\mb_copy.asm" />
    <None Include="lib\codec\3rdparty\openh264\codec\common\x86\mc_chroma.asm" />
    <None Include="lib\codec\3rdparty\openh264\codec\common\x86\mc_luma.asm" />
    <None Include="lib\codec\3rdparty\openh264\codec\common\x86\satd_sad.asm" />
    <None Include="lib\codec\3rdparty\openh264\codec\common\x86\vaa.asm" />
    <None Include="lib\codec\3rdparty\openh264\codec\decoder\core\x86\dct.asm" />
    <None Include="lib\codec\3rdparty\openh264\codec\decoder\core\x86\intra_pred.asm" />
    <None Include="lib\codec\3rdparty\openh264\codec\decoder\plus\src\wels_dec_export.def" />
    <None Include="lib\codec\3rdparty\openh264\codec\encoder\core\x86\coeff.asm" />
    <None Include="lib\codec\3rdparty\openh264\codec\encoder\core\x86\dct.asm" />
    <None Include="lib\codec\3rdparty\openh264\codec\encoder\core\x86\intra_pred.asm" />
    <None Include="lib\codec\3rdparty\openh264\codec\encoder\core\x86\matrix_transpose.asm" />
    <None Include="lib\codec\3rdparty\openh264\codec\encoder\core\x86\memzero.asm" />
    <None Include="lib\codec\3rdparty\openh264\codec\encoder\core\x86\quant.asm" />
    <None Include="lib\codec\3rdparty\openh264\codec\encoder\core\x86\sample_sc.asm" />
    <None Include="lib\codec\3rdparty\openh264\codec\encoder\core\x86\score.asm" />
    <None Include="lib\codec\3rdparty\openh264\codec\encoder\plus\src\wels_enc_export.def" />
    <None Include="lib\codec\3rdparty\openh264\codec\processing\src\common\WelsVP.def" />
    <None Include="lib\codec\3rdparty\openh264\codec\processing\src\x86\denoisefilter.asm" />
    <None Include="lib\codec\3rdparty\openh264\codec\processing\src\x86\downsample_bilinear.asm" />
    <None Include="lib\codec\3rdparty\openh264\codec\processing\src\x86\vaa.asm" />
    <None Include="web_test\test.html" />
  </ItemGroup>
  <ItemGroup>
    <ClCompile Include="lib\codec\3rdparty\de265\acceleration-speed\acceleration-speed.cc" />
    <ClCompile Include="lib\codec\3rdparty\de265\acceleration-speed\dct.cc" />
    <ClCompile Include="lib\codec\3rdparty\de265\acceleration-speed\dct-scalar.cc" />
    <ClCompile Include="lib\codec\3rdparty\de265\acceleration-speed\dct-sse.cc" />
    <ClCompile Include="lib\codec\3rdparty\de265\dec265\dec265.cc" />
    <ClCompile Include="lib\codec\3rdparty\de265\dec265\hdrcopy.cc" />
    <ClCompile Include="lib\codec\3rdparty\de265\dec265\sdl.cc" />
    <ClCompile Include="lib\codec\3rdparty\de265\enc265\enc265.cc" />
    <ClCompile Include="lib\codec\3rdparty\de265\enc265\image-io-png.cc" />
    <ClCompile Include="lib\codec\3rdparty\de265\extra\getopt.c" />
    <ClCompile Include="lib\codec\3rdparty\de265\extra\getopt_long.c" />
    <ClCompile Include="lib\codec\3rdparty\de265\extra\win32cond.c" />
    <ClCompile Include="lib\codec\3rdparty\de265\libde265\arm\arm.cc" />
    <ClCompile Include="lib\codec\3rdparty\de265\libde265\encoder\algo\algo.cc" />
    <ClCompile Include="lib\codec\3rdparty\de265\libde265\encoder\algo\cb-interpartmode.cc" />
    <ClCompile Include="lib\codec\3rdparty\de265\libde265\encoder\algo\cb-intra-inter.cc" />
    <ClCompile Include="lib\codec\3rdparty\de265\libde265\encoder\algo\cb-intrapartmode.cc" />
    <ClCompile Include="lib\codec\3rdparty\de265\libde265\encoder\algo\cb-mergeindex.cc" />
    <ClCompile Include="lib\codec\3rdparty\de265\libde265\encoder\algo\cb-skip.cc" />
    <ClCompile Include="lib\codec\3rdparty\de265\libde265\encoder\algo\cb-split.cc" />
    <ClCompile Include="lib\codec\3rdparty\de265\libde265\encoder\algo\coding-options.cc" />
    <ClCompile Include="lib\codec\3rdparty\de265\libde265\encoder\algo\ctb-qscale.cc" />
    <ClCompile Include="lib\codec\3rdparty\de265\libde265\encoder\algo\pb-mv.cc" />
    <ClCompile Include="lib\codec\3rdparty\de265\libde265\encoder\algo\tb-intrapredmode.cc" />
    <ClCompile Include="lib\codec\3rdparty\de265\libde265\encoder\algo\tb-rateestim.cc" />
    <ClCompile Include="lib\codec\3rdparty\de265\libde265\encoder\algo\tb-split.cc" />
    <ClCompile Include="lib\codec\3rdparty\de265\libde265\encoder\algo\tb-transform.cc" />
    <ClCompile Include="lib\codec\3rdparty\de265\libde265\encoder\encoder-context.cc" />
    <ClCompile Include="lib\codec\3rdparty\de265\libde265\encoder\encoder-core.cc" />
    <ClCompile Include="lib\codec\3rdparty\de265\libde265\encoder\encoder-intrapred.cc" />
    <ClCompile Include="lib\codec\3rdparty\de265\libde265\encoder\encoder-motion.cc" />
    <ClCompile Include="lib\codec\3rdparty\de265\libde265\encoder\encoder-params.cc" />
    <ClCompile Include="lib\codec\3rdparty\de265\libde265\encoder\encoder-syntax.cc" />
    <ClCompile Include="lib\codec\3rdparty\de265\libde265\encoder\encoder-types.cc" />
    <ClCompile Include="lib\codec\3rdparty\de265\libde265\encoder\encpicbuf.cc" />
    <ClCompile Include="lib\codec\3rdparty\de265\libde265\encoder\sop.cc" />
    <ClCompile Include="lib\codec\3rdparty\de265\libde265\x86\sse.cc" />
    <ClCompile Include="lib\codec\3rdparty\de265\libde265\x86\sse-dct.cc" />
    <ClCompile Include="lib\codec\3rdparty\de265\libde265\x86\sse-motion.cc" />
    <ClCompile Include="lib\codec\3rdparty\de265\libde265\alloc_pool.cc" />
    <ClCompile Include="lib\codec\3rdparty\de265\libde265\bitstream.cc" />
    <ClCompile Include="lib\codec\3rdparty\de265\libde265\cabac.cc" />
    <ClCompile Include="lib\codec\3rdparty\de265\libde265\configparam.cc" />
    <ClCompile Include="lib\codec\3rdparty\de265\libde265\contextmodel.cc" />
    <ClCompile Include="lib\codec\3rdparty\de265\libde265\de265.cc" />
    <ClCompile Include="lib\codec\3rdparty\de265\libde265\deblock.cc" />
    <ClCompile Include="lib\codec\3rdparty\de265\libde265\decctx.cc" />
    <ClCompile Include="lib\codec\3rdparty\de265\libde265\dpb.cc" />
    <ClCompile Include="lib\codec\3rdparty\de265\libde265\en265.cc" />
    <ClCompile Include="lib\codec\3rdparty\de265\libde265\fallback.cc" />
    <ClCompile Include="lib\codec\3rdparty\de265\libde265\fallback-dct.cc" />
    <ClCompile Include="lib\codec\3rdparty\de265\libde265\fallback-motion.cc" />
    <ClCompile Include="lib\codec\3rdparty\de265\libde265\image.cc" />
    <ClCompile Include="lib\codec\3rdparty\de265\libde265\image-io.cc" />
    <ClCompile Include="lib\codec\3rdparty\de265\libde265\intrapred.cc" />
    <ClCompile Include="lib\codec\3rdparty\de265\libde265\md5.cc" />
    <ClCompile Include="lib\codec\3rdparty\de265\libde265\motion.cc" />
    <ClCompile Include="lib\codec\3rdparty\de265\libde265\nal.cc" />
    <ClCompile Include="lib\codec\3rdparty\de265\libde265\nal-parser.cc" />
    <ClCompile Include="lib\codec\3rdparty\de265\libde265\pps.cc" />
    <ClCompile Include="lib\codec\3rdparty\de265\libde265\quality.cc" />
    <ClCompile Include="lib\codec\3rdparty\de265\libde265\refpic.cc" />
    <ClCompile Include="lib\codec\3rdparty\de265\libde265\sao.cc" />
    <ClCompile Include="lib\codec\3rdparty\de265\libde265\scan.cc" />
    <ClCompile Include="lib\codec\3rdparty\de265\libde265\sei.cc" />
    <ClCompile Include="lib\codec\3rdparty\de265\libde265\slice.cc" />
    <ClCompile Include="lib\codec\3rdparty\de265\libde265\sps.cc" />
    <ClCompile Include="lib\codec\3rdparty\de265\libde265\threads.cc" />
    <ClCompile Include="lib\codec\3rdparty\de265\libde265\transform.cc" />
    <ClCompile Include="lib\codec\3rdparty\de265\libde265\util.cc" />
    <ClCompile Include="lib\codec\3rdparty\de265\libde265\visualize.cc" />
    <ClCompile Include="lib\codec\3rdparty\de265\libde265\vps.cc" />
    <ClCompile Include="lib\codec\3rdparty\de265\libde265\vui.cc" />
    <ClCompile Include="lib\codec\3rdparty\de265\sherlock265\sherlock265.cc" />
    <ClCompile Include="lib\codec\3rdparty\de265\sherlock265\VideoDecoder.cc" />
    <ClCompile Include="lib\codec\3rdparty\de265\sherlock265\VideoPlayer.cc" />
    <ClCompile Include="lib\codec\3rdparty\de265\sherlock265\VideoWidget.cc" />
    <ClCompile Include="lib\codec\3rdparty\de265\tools\bjoentegaard.cc" />
    <ClCompile Include="lib\codec\3rdparty\de265\tools\block-rate-estim.cc" />
    <ClCompile Include="lib\codec\3rdparty\de265\tools\gen-entropy-table.cc" />
    <ClCompile Include="lib\codec\3rdparty\de265\tools\rd-curves.cc" />
    <ClCompile Include="lib\codec\3rdparty\de265\tools\tests.cc" />
    <ClCompile Include="lib\codec\3rdparty\de265\tools\yuv-distortion.cc" />
    <ClCompile Include="lib\codec\3rdparty\openh264\codec\common\mips\copy_mb_mmi.c" />
    <ClCompile Include="lib\codec\3rdparty\openh264\codec\common\mips\deblock_mmi.c" />
    <ClCompile Include="lib\codec\3rdparty\openh264\codec\common\mips\expand_picture_mmi.c" />
    <ClCompile Include="lib\codec\3rdparty\openh264\codec\common\mips\intra_pred_com_mmi.c" />
    <ClCompile Include="lib\codec\3rdparty\openh264\codec\common\mips\satd_sad_mmi.c" />
    <ClCompile Include="lib\codec\3rdparty\openh264\codec\common\src\common_tables.cpp" />
    <ClCompile Include="lib\codec\3rdparty\openh264\codec\common\src\copy_mb.cpp" />
    <ClCompile Include="lib\codec\3rdparty\openh264\codec\common\src\cpu.cpp" />
    <ClCompile Include="lib\codec\3rdparty\openh264\codec\common\src\crt_util_safe_x.cpp" />
    <ClCompile Include="lib\codec\3rdparty\openh264\codec\common\src\deblocking_common.cpp" />
    <ClCompile Include="lib\codec\3rdparty\openh264\codec\common\src\expand_pic.cpp" />
    <ClCompile Include="lib\codec\3rdparty\openh264\codec\common\src\intra_pred_common.cpp" />
    <ClCompile Include="lib\codec\3rdparty\openh264\codec\common\src\mc.cpp" />
    <ClCompile Include="lib\codec\3rdparty\openh264\codec\common\src\memory_align.cpp" />
    <ClCompile Include="lib\codec\3rdparty\openh264\codec\common\src\sad_common.cpp" />
    <ClCompile Include="lib\codec\3rdparty\openh264\codec\common\src\utils.cpp" />
    <ClCompile Include="lib\codec\3rdparty\openh264\codec\common\src\welsCodecTrace.cpp" />
    <ClCompile Include="lib\codec\3rdparty\openh264\codec\common\src\WelsTaskThread.cpp" />
    <ClCompile Include="lib\codec\3rdparty\openh264\codec\common\src\WelsThread.cpp" />
    <ClCompile Include="lib\codec\3rdparty\openh264\codec\common\src\WelsThreadLib.cpp" />
    <ClCompile Include="lib\codec\3rdparty\openh264\codec\common\src\WelsThreadPool.cpp" />
    <ClCompile Include="lib\codec\3rdparty\openh264\codec\console\common\src\read_config.cpp" />
    <ClCompile Include="lib\codec\3rdparty\openh264\codec\console\dec\src\d3d9_utils.cpp" />
    <ClCompile Include="lib\codec\3rdparty\openh264\codec\console\dec\src\h264dec.cpp" />
    <ClCompile Include="lib\codec\3rdparty\openh264\codec\console\enc\src\welsenc.cpp" />
    <ClCompile Include="lib\codec\3rdparty\openh264\codec\decoder\core\mips\dct_mmi.c" />
    <ClCompile Include="lib\codec\3rdparty\openh264\codec\decoder\core\src\au_parser.cpp" />
    <ClCompile Include="lib\codec\3rdparty\openh264\codec\decoder\core\src\bit_stream.cpp" />
    <ClCompile Include="lib\codec\3rdparty\openh264\codec\decoder\core\src\cabac_decoder.cpp" />
    <ClCompile Include="lib\codec\3rdparty\openh264\codec\decoder\core\src\deblocking.cpp" />
    <ClCompile Include="lib\codec\3rdparty\openh264\codec\decoder\core\src\decode_mb_aux.cpp" />
    <ClCompile Include="lib\codec\3rdparty\openh264\codec\decoder\core\src\decode_slice.cpp" />
    <ClCompile Include="lib\codec\3rdparty\openh264\codec\decoder\core\src\decoder.cpp" />
    <ClCompile Include="lib\codec\3rdparty\openh264\codec\decoder\core\src\decoder_core.cpp" />
    <ClCompile Include="lib\codec\3rdparty\openh264\codec\decoder\core\src\decoder_data_tables.cpp" />
    <ClCompile Include="lib\codec\3rdparty\openh264\codec\decoder\core\src\error_concealment.cpp" />
    <ClCompile Include="lib\codec\3rdparty\openh264\codec\decoder\core\src\fmo.cpp" />
    <ClCompile Include="lib\codec\3rdparty\openh264\codec\decoder\core\src\get_intra_predictor.cpp" />
    <ClCompile Include="lib\codec\3rdparty\openh264\codec\decoder\core\src\manage_dec_ref.cpp" />
    <ClCompile Include="lib\codec\3rdparty\openh264\codec\decoder\core\src\memmgr_nal_unit.cpp" />
    <ClCompile Include="lib\codec\3rdparty\openh264\codec\decoder\core\src\mv_pred.cpp" />
    <ClCompile Include="lib\codec\3rdparty\openh264\codec\decoder\core\src\parse_mb_syn_cabac.cpp" />
    <ClCompile Include="lib\codec\3rdparty\openh264\codec\decoder\core\src\parse_mb_syn_cavlc.cpp" />
    <ClCompile Include="lib\codec\3rdparty\openh264\codec\decoder\core\src\pic_queue.cpp" />
    <ClCompile Include="lib\codec\3rdparty\openh264\codec\decoder\core\src\rec_mb.cpp" />
    <ClCompile Include="lib\codec\3rdparty\openh264\codec\decoder\core\src\wels_decoder_thread.cpp" />
    <ClCompile Include="lib\codec\3rdparty\openh264\codec\decoder\plus\src\welsDecoderExt.cpp" />
    <ClCompile Include="lib\codec\3rdparty\openh264\codec\encoder\core\mips\dct_mmi.c" />
    <ClCompile Include="lib\codec\3rdparty\openh264\codec\encoder\core\mips\quant_mmi.c" />
    <ClCompile Include="lib\codec\3rdparty\openh264\codec\encoder\core\mips\score_mmi.c" />
    <ClCompile Include="lib\codec\3rdparty\openh264\codec\encoder\core\src\au_set.cpp" />
    <ClCompile Include="lib\codec\3rdparty\openh264\codec\encoder\core\src\deblocking.cpp" />
    <ClCompile Include="lib\codec\3rdparty\openh264\codec\encoder\core\src\decode_mb_aux.cpp" />
    <ClCompile Include="lib\codec\3rdparty\openh264\codec\encoder\core\src\encode_mb_aux.cpp" />
    <ClCompile Include="lib\codec\3rdparty\openh264\codec\encoder\core\src\encoder.cpp" />
    <ClCompile Include="lib\codec\3rdparty\openh264\codec\encoder\core\src\encoder_data_tables.cpp" />
    <ClCompile Include="lib\codec\3rdparty\openh264\codec\encoder\core\src\encoder_ext.cpp" />
    <ClCompile Include="lib\codec\3rdparty\openh264\codec\encoder\core\src\get_intra_predictor.cpp" />
    <ClCompile Include="lib\codec\3rdparty\openh264\codec\encoder\core\src\md.cpp" />
    <ClCompile Include="lib\codec\3rdparty\openh264\codec\encoder\core\src\mv_pred.cpp" />
    <ClCompile Include="lib\codec\3rdparty\openh264\codec\encoder\core\src\nal_encap.cpp" />
    <ClCompile Include="lib\codec\3rdparty\openh264\codec\encoder\core\src\paraset_strategy.cpp" />
    <ClCompile Include="lib\codec\3rdparty\openh264\codec\encoder\core\src\picture_handle.cpp" />
    <ClCompile Include="lib\codec\3rdparty\openh264\codec\encoder\core\src\ratectl.cpp" />
    <ClCompile Include="lib\codec\3rdparty\openh264\codec\encoder\core\src\ref_list_mgr_svc.cpp" />
    <ClCompile Include="lib\codec\3rdparty\openh264\codec\encoder\core\src\sample.cpp" />
    <ClCompile Include="lib\codec\3rdparty\openh264\codec\encoder\core\src\set_mb_syn_cabac.cpp" />
    <ClCompile Include="lib\codec\3rdparty\openh264\codec\encoder\core\src\set_mb_syn_cavlc.cpp" />
    <ClCompile Include="lib\codec\3rdparty\openh264\codec\encoder\core\src\slice_multi_threading.cpp" />
    <ClCompile Include="lib\codec\3rdparty\openh264\codec\encoder\core\src\svc_base_layer_md.cpp" />
    <ClCompile Include="lib\codec\3rdparty\openh264\codec\encoder\core\src\svc_enc_slice_segment.cpp" />
    <ClCompile Include="lib\codec\3rdparty\openh264\codec\encoder\core\src\svc_encode_mb.cpp" />
    <ClCompile Include="lib\codec\3rdparty\openh264\codec\encoder\core\src\svc_encode_slice.cpp" />
    <ClCompile Include="lib\codec\3rdparty\openh264\codec\encoder\core\src\svc_mode_decision.cpp" />
    <ClCompile Include="lib\codec\3rdparty\openh264\codec\encoder\core\src\svc_motion_estimate.cpp" />
    <ClCompile Include="lib\codec\3rdparty\openh264\codec\encoder\core\src\svc_set_mb_syn_cabac.cpp" />
    <ClCompile Include="lib\codec\3rdparty\openh264\codec\encoder\core\src\svc_set_mb_syn_cavlc.cpp" />
    <ClCompile Include="lib\codec\3rdparty\openh264\codec\encoder\core\src\wels_preprocess.cpp" />
    <ClCompile Include="lib\codec\3rdparty\openh264\codec\encoder\core\src\wels_task_base.cpp" />
    <ClCompile Include="lib\codec\3rdparty\openh264\codec\encoder\core\src\wels_task_encoder.cpp" />
    <ClCompile Include="lib\codec\3rdparty\openh264\codec\encoder\core\src\wels_task_management.cpp" />
    <ClCompile Include="lib\codec\3rdparty\openh264\codec\encoder\plus\src\DllEntry.cpp" />
    <ClCompile Include="lib\codec\3rdparty\openh264\codec\encoder\plus\src\welsEncoderExt.cpp" />
    <ClCompile Include="lib\codec\3rdparty\openh264\codec\processing\src\adaptivequantization\AdaptiveQuantization.cpp" />
    <ClCompile Include="lib\codec\3rdparty\openh264\codec\processing\src\backgrounddetection\BackgroundDetection.cpp" />
    <ClCompile Include="lib\codec\3rdparty\openh264\codec\processing\src\common\memory.cpp" />
    <ClCompile Include="lib\codec\3rdparty\openh264\codec\processing\src\common\WelsFrameWork.cpp" />
    <ClCompile Include="lib\codec\3rdparty\openh264\codec\processing\src\common\WelsFrameWorkEx.cpp" />
    <ClCompile Include="lib\codec\3rdparty\openh264\codec\processing\src\complexityanalysis\ComplexityAnalysis.cpp" />
    <ClCompile Include="lib\codec\3rdparty\openh264\codec\processing\src\denoise\denoise.cpp" />
    <ClCompile Include="lib\codec\3rdparty\openh264\codec\processing\src\denoise\denoise_filter.cpp" />
    <ClCompile Include="lib\codec\3rdparty\openh264\codec\processing\src\downsample\downsample.cpp" />
    <ClCompile Include="lib\codec\3rdparty\openh264\codec\processing\src\downsample\downsamplefuncs.cpp" />
    <ClCompile Include="lib\codec\3rdparty\openh264\codec\processing\src\imagerotate\imagerotate.cpp" />
    <ClCompile Include="lib\codec\3rdparty\openh264\codec\processing\src\imagerotate\imagerotatefuncs.cpp" />
    <ClCompile Include="lib\codec\3rdparty\openh264\codec\processing\src\mips\vaa_mmi.c" />
    <ClCompile Include="lib\codec\3rdparty\openh264\codec\processing\src\scenechangedetection\SceneChangeDetection.cpp" />
    <ClCompile Include="lib\codec\3rdparty\openh264\codec\processing\src\scrolldetection\ScrollDetection.cpp" />
    <ClCompile Include="lib\codec\3rdparty\openh264\codec\processing\src\scrolldetection\ScrollDetectionFuncs.cpp" />
    <ClCompile Include="lib\codec\3rdparty\openh264\codec\processing\src\vaacalc\vaacalcfuncs.cpp" />
    <ClCompile Include="lib\codec\3rdparty\openh264\codec\processing\src\vaacalc\vaacalculation.cpp" />
    <ClCompile Include="lib\codec\3rdparty\tinyh264\h264bsd_byte_stream.c" />
    <ClCompile Include="lib\codec\3rdparty\tinyh264\h264bsd_cavlc.c" />
    <ClCompile Include="lib\codec\3rdparty\tinyh264\h264bsd_conceal.c" />
    <ClCompile Include="lib\codec\3rdparty\tinyh264\h264bsd_deblocking.c" />
    <ClCompile Include="lib\codec\3rdparty\tinyh264\h264bsd_decoder.c" />
    <ClCompile Include="lib\codec\3rdparty\tinyh264\h264bsd_dpb.c" />
    <ClCompile Include="lib\codec\3rdparty\tinyh264\h264bsd_image.c" />
    <ClCompile Include="lib\codec\3rdparty\tinyh264\h264bsd_inter_prediction.c" />
    <ClCompile Include="lib\codec\3rdparty\tinyh264\h264bsd_intra_prediction.c" />
    <ClCompile Include="lib\codec\3rdparty\tinyh264\h264bsd_macroblock_layer.c" />
    <ClCompile Include="lib\codec\3rdparty\tinyh264\h264bsd_nal_unit.c" />
    <ClCompile Include="lib\codec\3rdparty\tinyh264\h264bsd_neighbour.c" />
    <ClCompile Include="lib\codec\3rdparty\tinyh264\h264bsd_pic_order_cnt.c" />
    <ClCompile Include="lib\codec\3rdparty\tinyh264\h264bsd_pic_param_set.c" />
    <ClCompile Include="lib\codec\3rdparty\tinyh264\h264bsd_reconstruct.c" />
    <ClCompile Include="lib\codec\3rdparty\tinyh264\h264bsd_sei.c" />
    <ClCompile Include="lib\codec\3rdparty\tinyh264\h264bsd_seq_param_set.c" />
    <ClCompile Include="lib\codec\3rdparty\tinyh264\h264bsd_slice_data.c" />
    <ClCompile Include="lib\codec\3rdparty\tinyh264\h264bsd_slice_group_map.c" />
    <ClCompile Include="lib\codec\3rdparty\tinyh264\h264bsd_slice_header.c" />
    <ClCompile Include="lib\codec\3rdparty\tinyh264\h264bsd_storage.c" />
    <ClCompile Include="lib\codec\3rdparty\tinyh264\h264bsd_stream.c" />
    <ClCompile Include="lib\codec\3rdparty\tinyh264\h264bsd_transform.c" />
    <ClCompile Include="lib\codec\3rdparty\tinyh264\h264bsd_util.c" />
    <ClCompile Include="lib\codec\3rdparty\tinyh264\h264bsd_vlc.c" />
    <ClCompile Include="lib\codec\3rdparty\tinyh264\h264bsd_vui.c" />
    <ClCompile Include="lib\codec\src\codec\codec.cpp" />
    <ClCompile Include="lib\codec\src\demuxer\audio_tag.cpp" />
    <ClCompile Include="lib\codec\src\demuxer\body.cpp" />
    <ClCompile Include="lib\codec\src\demuxer\data_tag.cpp" />
    <ClCompile Include="lib\codec\src\demuxer\decoder.cpp" />
    <ClCompile Include="lib\codec\src\demuxer\header.cpp" />
    <ClCompile Include="lib\codec\src\demuxer\tag.cpp" />
    <ClCompile Include="lib\codec\src\demuxer\vars.cpp" />
    <ClCompile Include="lib\codec\src\demuxer\video_tag.cpp" />
    <ClCompile Include="lib\codec\src\factor\codec_factor.cpp" />
    <ClCompile Include="lib\codec\src\factor\h265_codec_factor.cpp" />
    <ClCompile Include="lib\codec\src\helper\sdl.cpp" />
    <ClCompile Include="lib\codec\src\stream\buffer.cpp" />
    <ClCompile Include="lib\codec\src\main.cpp" />
    <ClCompile Include="lib\codec\test\test.cpp" />
  </ItemGroup>
  <ItemGroup>
    <ClInclude Include="lib\codec\3rdparty\de265\acceleration-speed\acceleration-speed.h">
      <Filter>头文件</Filter>
    </ClInclude>
    <ClInclude Include="lib\codec\3rdparty\de265\acceleration-speed\dct.h">
      <Filter>头文件</Filter>
    </ClInclude>
    <ClInclude Include="lib\codec\3rdparty\de265\acceleration-speed\dct-scalar.h">
      <Filter>头文件</Filter>
    </ClInclude>
    <ClInclude Include="lib\codec\3rdparty\de265\dec265\sdl.hh">
      <Filter>头文件</Filter>
    </ClInclude>
    <ClInclude Include="lib\codec\3rdparty\de265\enc265\image-io-png.h">
      <Filter>头文件</Filter>
    </ClInclude>
    <ClInclude Include="lib\codec\3rdparty\de265\extra\getopt.h">
      <Filter>头文件</Filter>
    </ClInclude>
    <ClInclude Include="lib\codec\3rdparty\de265\extra\stdbool.h">
      <Filter>头文件</Filter>
    </ClInclude>
    <ClInclude Include="lib\codec\3rdparty\de265\extra\stdint.h">
      <Filter>头文件</Filter>
    </ClInclude>
    <ClInclude Include="lib\codec\3rdparty\de265\extra\win32cond.h">
      <Filter>头文件</Filter>
    </ClInclude>
    <ClInclude Include="lib\codec\3rdparty\de265\libde265\arm\arm.h">
      <Filter>头文件</Filter>
    </ClInclude>
    <ClInclude Include="lib\codec\3rdparty\de265\libde265\encoder\algo\algo.h">
      <Filter>头文件</Filter>
    </ClInclude>
    <ClInclude Include="lib\codec\3rdparty\de265\libde265\encoder\algo\cb-interpartmode.h">
      <Filter>头文件</Filter>
    </ClInclude>
    <ClInclude Include="lib\codec\3rdparty\de265\libde265\encoder\algo\cb-intra-inter.h">
      <Filter>头文件</Filter>
    </ClInclude>
    <ClInclude Include="lib\codec\3rdparty\de265\libde265\encoder\algo\cb-intrapartmode.h">
      <Filter>头文件</Filter>
    </ClInclude>
    <ClInclude Include="lib\codec\3rdparty\de265\libde265\encoder\algo\cb-mergeindex.h">
      <Filter>头文件</Filter>
    </ClInclude>
    <ClInclude Include="lib\codec\3rdparty\de265\libde265\encoder\algo\cb-skip.h">
      <Filter>头文件</Filter>
    </ClInclude>
    <ClInclude Include="lib\codec\3rdparty\de265\libde265\encoder\algo\cb-split.h">
      <Filter>头文件</Filter>
    </ClInclude>
    <ClInclude Include="lib\codec\3rdparty\de265\libde265\encoder\algo\coding-options.h">
      <Filter>头文件</Filter>
    </ClInclude>
    <ClInclude Include="lib\codec\3rdparty\de265\libde265\encoder\algo\ctb-qscale.h">
      <Filter>头文件</Filter>
    </ClInclude>
    <ClInclude Include="lib\codec\3rdparty\de265\libde265\encoder\algo\pb-mv.h">
      <Filter>头文件</Filter>
    </ClInclude>
    <ClInclude Include="lib\codec\3rdparty\de265\libde265\encoder\algo\tb-intrapredmode.h">
      <Filter>头文件</Filter>
    </ClInclude>
    <ClInclude Include="lib\codec\3rdparty\de265\libde265\encoder\algo\tb-rateestim.h">
      <Filter>头文件</Filter>
    </ClInclude>
    <ClInclude Include="lib\codec\3rdparty\de265\libde265\encoder\algo\tb-split.h">
      <Filter>头文件</Filter>
    </ClInclude>
    <ClInclude Include="lib\codec\3rdparty\de265\libde265\encoder\algo\tb-transform.h">
      <Filter>头文件</Filter>
    </ClInclude>
    <ClInclude Include="lib\codec\3rdparty\de265\libde265\encoder\encoder-context.h">
      <Filter>头文件</Filter>
    </ClInclude>
    <ClInclude Include="lib\codec\3rdparty\de265\libde265\encoder\encoder-core.h">
      <Filter>头文件</Filter>
    </ClInclude>
    <ClInclude Include="lib\codec\3rdparty\de265\libde265\encoder\encoder-intrapred.h">
      <Filter>头文件</Filter>
    </ClInclude>
    <ClInclude Include="lib\codec\3rdparty\de265\libde265\encoder\encoder-motion.h">
      <Filter>头文件</Filter>
    </ClInclude>
    <ClInclude Include="lib\codec\3rdparty\de265\libde265\encoder\encoder-params.h">
      <Filter>头文件</Filter>
    </ClInclude>
    <ClInclude Include="lib\codec\3rdparty\de265\libde265\encoder\encoder-syntax.h">
      <Filter>头文件</Filter>
    </ClInclude>
    <ClInclude Include="lib\codec\3rdparty\de265\libde265\encoder\encoder-types.h">
      <Filter>头文件</Filter>
    </ClInclude>
    <ClInclude Include="lib\codec\3rdparty\de265\libde265\encoder\encpicbuf.h">
      <Filter>头文件</Filter>
    </ClInclude>
    <ClInclude Include="lib\codec\3rdparty\de265\libde265\encoder\sop.h">
      <Filter>头文件</Filter>
    </ClInclude>
    <ClInclude Include="lib\codec\3rdparty\de265\libde265\x86\sse.h">
      <Filter>头文件</Filter>
    </ClInclude>
    <ClInclude Include="lib\codec\3rdparty\de265\libde265\x86\sse-dct.h">
      <Filter>头文件</Filter>
    </ClInclude>
    <ClInclude Include="lib\codec\3rdparty\de265\libde265\x86\sse-motion.h">
      <Filter>头文件</Filter>
    </ClInclude>
    <ClInclude Include="lib\codec\3rdparty\de265\libde265\acceleration.h">
      <Filter>头文件</Filter>
    </ClInclude>
    <ClInclude Include="lib\codec\3rdparty\de265\libde265\alloc_pool.h">
      <Filter>头文件</Filter>
    </ClInclude>
    <ClInclude Include="lib\codec\3rdparty\de265\libde265\bitstream.h">
      <Filter>头文件</Filter>
    </ClInclude>
    <ClInclude Include="lib\codec\3rdparty\de265\libde265\cabac.h">
      <Filter>头文件</Filter>
    </ClInclude>
    <ClInclude Include="lib\codec\3rdparty\de265\libde265\configparam.h">
      <Filter>头文件</Filter>
    </ClInclude>
    <ClInclude Include="lib\codec\3rdparty\de265\libde265\contextmodel.h">
      <Filter>头文件</Filter>
    </ClInclude>
    <ClInclude Include="lib\codec\3rdparty\de265\libde265\de265.h">
      <Filter>头文件</Filter>
    </ClInclude>
    <ClInclude Include="lib\codec\3rdparty\de265\libde265\de265-version.h">
      <Filter>头文件</Filter>
    </ClInclude>
    <ClInclude Include="lib\codec\3rdparty\de265\libde265\deblock.h">
      <Filter>头文件</Filter>
    </ClInclude>
    <ClInclude Include="lib\codec\3rdparty\de265\libde265\decctx.h">
      <Filter>头文件</Filter>
    </ClInclude>
    <ClInclude Include="lib\codec\3rdparty\de265\libde265\dpb.h">
      <Filter>头文件</Filter>
    </ClInclude>
    <ClInclude Include="lib\codec\3rdparty\de265\libde265\en265.h">
      <Filter>头文件</Filter>
    </ClInclude>
    <ClInclude Include="lib\codec\3rdparty\de265\libde265\fallback.h">
      <Filter>头文件</Filter>
    </ClInclude>
    <ClInclude Include="lib\codec\3rdparty\de265\libde265\fallback-dct.h">
      <Filter>头文件</Filter>
    </ClInclude>
    <ClInclude Include="lib\codec\3rdparty\de265\libde265\fallback-motion.h">
      <Filter>头文件</Filter>
    </ClInclude>
    <ClInclude Include="lib\codec\3rdparty\de265\libde265\image.h">
      <Filter>头文件</Filter>
    </ClInclude>
    <ClInclude Include="lib\codec\3rdparty\de265\libde265\image-io.h">
      <Filter>头文件</Filter>
    </ClInclude>
    <ClInclude Include="lib\codec\3rdparty\de265\libde265\intrapred.h">
      <Filter>头文件</Filter>
    </ClInclude>
    <ClInclude Include="lib\codec\3rdparty\de265\libde265\md5.h">
      <Filter>头文件</Filter>
    </ClInclude>
    <ClInclude Include="lib\codec\3rdparty\de265\libde265\motion.h">
      <Filter>头文件</Filter>
    </ClInclude>
    <ClInclude Include="lib\codec\3rdparty\de265\libde265\nal.h">
      <Filter>头文件</Filter>
    </ClInclude>
    <ClInclude Include="lib\codec\3rdparty\de265\libde265\nal-parser.h">
      <Filter>头文件</Filter>
    </ClInclude>
    <ClInclude Include="lib\codec\3rdparty\de265\libde265\pps.h">
      <Filter>头文件</Filter>
    </ClInclude>
    <ClInclude Include="lib\codec\3rdparty\de265\libde265\quality.h">
      <Filter>头文件</Filter>
    </ClInclude>
    <ClInclude Include="lib\codec\3rdparty\de265\libde265\refpic.h">
      <Filter>头文件</Filter>
    </ClInclude>
    <ClInclude Include="lib\codec\3rdparty\de265\libde265\sao.h">
      <Filter>头文件</Filter>
    </ClInclude>
    <ClInclude Include="lib\codec\3rdparty\de265\libde265\scan.h">
      <Filter>头文件</Filter>
    </ClInclude>
    <ClInclude Include="lib\codec\3rdparty\de265\libde265\sei.h">
      <Filter>头文件</Filter>
    </ClInclude>
    <ClInclude Include="lib\codec\3rdparty\de265\libde265\slice.h">
      <Filter>头文件</Filter>
    </ClInclude>
    <ClInclude Include="lib\codec\3rdparty\de265\libde265\sps.h">
      <Filter>头文件</Filter>
    </ClInclude>
    <ClInclude Include="lib\codec\3rdparty\de265\libde265\threads.h">
      <Filter>头文件</Filter>
    </ClInclude>
    <ClInclude Include="lib\codec\3rdparty\de265\libde265\transform.h">
      <Filter>头文件</Filter>
    </ClInclude>
    <ClInclude Include="lib\codec\3rdparty\de265\libde265\util.h">
      <Filter>头文件</Filter>
    </ClInclude>
    <ClInclude Include="lib\codec\3rdparty\de265\libde265\visualize.h">
      <Filter>头文件</Filter>
    </ClInclude>
    <ClInclude Include="lib\codec\3rdparty\de265\libde265\vps.h">
      <Filter>头文件</Filter>
    </ClInclude>
    <ClInclude Include="lib\codec\3rdparty\de265\libde265\vui.h">
      <Filter>头文件</Filter>
    </ClInclude>
    <ClInclude Include="lib\codec\3rdparty\de265\sherlock265\VideoDecoder.hh">
      <Filter>头文件</Filter>
    </ClInclude>
    <ClInclude Include="lib\codec\3rdparty\de265\sherlock265\VideoPlayer.hh">
      <Filter>头文件</Filter>
    </ClInclude>
    <ClInclude Include="lib\codec\3rdparty\de265\sherlock265\VideoWidget.hh">
      <Filter>头文件</Filter>
    </ClInclude>
    <ClInclude Include="lib\codec\3rdparty\openh264\codec\api\svc\codec_api.h">
      <Filter>头文件</Filter>
    </ClInclude>
    <ClInclude Include="lib\codec\3rdparty\openh264\codec\api\svc\codec_app_def.h">
      <Filter>头文件</Filter>
    </ClInclude>
    <ClInclude Include="lib\codec\3rdparty\openh264\codec\api\svc\codec_def.h">
      <Filter>头文件</Filter>
    </ClInclude>
    <ClInclude Include="lib\codec\3rdparty\openh264\codec\api\svc\codec_ver.h">
      <Filter>头文件</Filter>
    </ClInclude>
    <ClInclude Include="lib\codec\3rdparty\openh264\codec\common\inc\asmdefs_mmi.h">
      <Filter>头文件</Filter>
    </ClInclude>
    <ClInclude Include="lib\codec\3rdparty\openh264\codec\common\inc\copy_mb.h">
      <Filter>头文件</Filter>
    </ClInclude>
    <ClInclude Include="lib\codec\3rdparty\openh264\codec\common\inc\cpu.h">
      <Filter>头文件</Filter>
    </ClInclude>
    <ClInclude Include="lib\codec\3rdparty\openh264\codec\common\inc\cpu_core.h">
      <Filter>头文件</Filter>
    </ClInclude>
    <ClInclude Include="lib\codec\3rdparty\openh264\codec\common\inc\crt_util_safe_x.h">
      <Filter>头文件</Filter>
    </ClInclude>
    <ClInclude Include="lib\codec\3rdparty\openh264\codec\common\inc\deblocking_common.h">
      <Filter>头文件</Filter>
    </ClInclude>
    <ClInclude Include="lib\codec\3rdparty\openh264\codec\common\inc\expand_pic.h">
      <Filter>头文件</Filter>
    </ClInclude>
    <ClInclude Include="lib\codec\3rdparty\openh264\codec\common\inc\golomb_common.h">
      <Filter>头文件</Filter>
    </ClInclude>
    <ClInclude Include="lib\codec\3rdparty\openh264\codec\common\inc\intra_pred_common.h">
      <Filter>头文件</Filter>
    </ClInclude>
    <ClInclude Include="lib\codec\3rdparty\openh264\codec\common\inc\ls_defines.h">
      <Filter>头文件</Filter>
    </ClInclude>
    <ClInclude Include="lib\codec\3rdparty\openh264\codec\common\inc\macros.h">
      <Filter>头文件</Filter>
    </ClInclude>
    <ClInclude Include="lib\codec\3rdparty\openh264\codec\common\inc\mc.h">
      <Filter>头文件</Filter>
    </ClInclude>
    <ClInclude Include="lib\codec\3rdparty\openh264\codec\common\inc\measure_time.h">
      <Filter>头文件</Filter>
    </ClInclude>
    <ClInclude Include="lib\codec\3rdparty\openh264\codec\common\inc\memory_align.h">
      <Filter>头文件</Filter>
    </ClInclude>
    <ClInclude Include="lib\codec\3rdparty\openh264\codec\common\inc\sad_common.h">
      <Filter>头文件</Filter>
    </ClInclude>
    <ClInclude Include="lib\codec\3rdparty\openh264\codec\common\inc\typedefs.h">
      <Filter>头文件</Filter>
    </ClInclude>
    <ClInclude Include="lib\codec\3rdparty\openh264\codec\common\inc\utils.h">
      <Filter>头文件</Filter>
    </ClInclude>
    <ClInclude Include="lib\codec\3rdparty\openh264\codec\common\inc\version.h">
      <Filter>头文件</Filter>
    </ClInclude>
    <ClInclude Include="lib\codec\3rdparty\openh264\codec\common\inc\wels_common_defs.h">
      <Filter>头文件</Filter>
    </ClInclude>
    <ClInclude Include="lib\codec\3rdparty\openh264\codec\common\inc\wels_const_common.h">
      <Filter>头文件</Filter>
    </ClInclude>
    <ClInclude Include="lib\codec\3rdparty\openh264\codec\common\inc\welsCodecTrace.h">
      <Filter>头文件</Filter>
    </ClInclude>
    <ClInclude Include="lib\codec\3rdparty\openh264\codec\common\inc\WelsList.h">
      <Filter>头文件</Filter>
    </ClInclude>
    <ClInclude Include="lib\codec\3rdparty\openh264\codec\common\inc\WelsLock.h">
      <Filter>头文件</Filter>
    </ClInclude>
    <ClInclude Include="lib\codec\3rdparty\openh264\codec\common\inc\WelsTask.h">
      <Filter>头文件</Filter>
    </ClInclude>
    <ClInclude Include="lib\codec\3rdparty\openh264\codec\common\inc\WelsTaskThread.h">
      <Filter>头文件</Filter>
    </ClInclude>
    <ClInclude Include="lib\codec\3rdparty\openh264\codec\common\inc\WelsThread.h">
      <Filter>头文件</Filter>
    </ClInclude>
    <ClInclude Include="lib\codec\3rdparty\openh264\codec\common\inc\WelsThreadLib.h">
      <Filter>头文件</Filter>
    </ClInclude>
    <ClInclude Include="lib\codec\3rdparty\openh264\codec\common\inc\WelsThreadPool.h">
      <Filter>头文件</Filter>
    </ClInclude>
    <ClInclude Include="lib\codec\3rdparty\openh264\codec\console\common\inc\read_config.h">
      <Filter>头文件</Filter>
    </ClInclude>
    <ClInclude Include="lib\codec\3rdparty\openh264\codec\console\dec\inc\d3d9_utils.h">
      <Filter>头文件</Filter>
    </ClInclude>
    <ClInclude Include="lib\codec\3rdparty\openh264\codec\decoder\core\inc\au_parser.h">
      <Filter>头文件</Filter>
    </ClInclude>
    <ClInclude Include="lib\codec\3rdparty\openh264\codec\decoder\core\inc\bit_stream.h">
      <Filter>头文件</Filter>
    </ClInclude>
    <ClInclude Include="lib\codec\3rdparty\openh264\codec\decoder\core\inc\cabac_decoder.h">
      <Filter>头文件</Filter>
    </ClInclude>
    <ClInclude Include="lib\codec\3rdparty\openh264\codec\decoder\core\inc\deblocking.h">
      <Filter>头文件</Filter>
    </ClInclude>
    <ClInclude Include="lib\codec\3rdparty\openh264\codec\decoder\core\inc\dec_frame.h">
      <Filter>头文件</Filter>
    </ClInclude>
    <ClInclude Include="lib\codec\3rdparty\openh264\codec\decoder\core\inc\dec_golomb.h">
      <Filter>头文件</Filter>
    </ClInclude>
    <ClInclude Include="lib\codec\3rdparty\openh264\codec\decoder\core\inc\decode_mb_aux.h">
      <Filter>头文件</Filter>
    </ClInclude>
    <ClInclude Include="lib\codec\3rdparty\openh264\codec\decoder\core\inc\decode_slice.h">
      <Filter>头文件</Filter>
    </ClInclude>
    <ClInclude Include="lib\codec\3rdparty\openh264\codec\decoder\core\inc\decoder.h">
      <Filter>头文件</Filter>
    </ClInclude>
    <ClInclude Include="lib\codec\3rdparty\openh264\codec\decoder\core\inc\decoder_context.h">
      <Filter>头文件</Filter>
    </ClInclude>
    <ClInclude Include="lib\codec\3rdparty\openh264\codec\decoder\core\inc\decoder_core.h">
      <Filter>头文件</Filter>
    </ClInclude>
    <ClInclude Include="lib\codec\3rdparty\openh264\codec\decoder\core\inc\error_code.h">
      <Filter>头文件</Filter>
    </ClInclude>
    <ClInclude Include="lib\codec\3rdparty\openh264\codec\decoder\core\inc\error_concealment.h">
      <Filter>头文件</Filter>
    </ClInclude>
    <ClInclude Include="lib\codec\3rdparty\openh264\codec\decoder\core\inc\fmo.h">
      <Filter>头文件</Filter>
    </ClInclude>
    <ClInclude Include="lib\codec\3rdparty\openh264\codec\decoder\core\inc\get_intra_predictor.h">
      <Filter>头文件</Filter>
    </ClInclude>
    <ClInclude Include="lib\codec\3rdparty\openh264\codec\decoder\core\inc\manage_dec_ref.h">
      <Filter>头文件</Filter>
    </ClInclude>
    <ClInclude Include="lib\codec\3rdparty\openh264\codec\decoder\core\inc\mb_cache.h">
      <Filter>头文件</Filter>
    </ClInclude>
    <ClInclude Include="lib\codec\3rdparty\openh264\codec\decoder\core\inc\memmgr_nal_unit.h">
      <Filter>头文件</Filter>
    </ClInclude>
    <ClInclude Include="lib\codec\3rdparty\openh264\codec\decoder\core\inc\mv_pred.h">
      <Filter>头文件</Filter>
    </ClInclude>
    <ClInclude Include="lib\codec\3rdparty\openh264\codec\decoder\core\inc\nal_prefix.h">
      <Filter>头文件</Filter>
    </ClInclude>
    <ClInclude Include="lib\codec\3rdparty\openh264\codec\decoder\core\inc\nalu.h">
      <Filter>头文件</Filter>
    </ClInclude>
    <ClInclude Include="lib\codec\3rdparty\openh264\codec\decoder\core\inc\parameter_sets.h">
      <Filter>头文件</Filter>
    </ClInclude>
    <ClInclude Include="lib\codec\3rdparty\openh264\codec\decoder\core\inc\parse_mb_syn_cabac.h">
      <Filter>头文件</Filter>
    </ClInclude>
    <ClInclude Include="lib\codec\3rdparty\openh264\codec\decoder\core\inc\parse_mb_syn_cavlc.h">
      <Filter>头文件</Filter>
    </ClInclude>
    <ClInclude Include="lib\codec\3rdparty\openh264\codec\decoder\core\inc\pic_queue.h">
      <Filter>头文件</Filter>
    </ClInclude>
    <ClInclude Include="lib\codec\3rdparty\openh264\codec\decoder\core\inc\picture.h">
      <Filter>头文件</Filter>
    </ClInclude>
    <ClInclude Include="lib\codec\3rdparty\openh264\codec\decoder\core\inc\rec_mb.h">
      <Filter>头文件</Filter>
    </ClInclude>
    <ClInclude Include="lib\codec\3rdparty\openh264\codec\decoder\core\inc\slice.h">
      <Filter>头文件</Filter>
    </ClInclude>
    <ClInclude Include="lib\codec\3rdparty\openh264\codec\decoder\core\inc\vlc_decoder.h">
      <Filter>头文件</Filter>
    </ClInclude>
    <ClInclude Include="lib\codec\3rdparty\openh264\codec\decoder\core\inc\wels_common_basis.h">
      <Filter>头文件</Filter>
    </ClInclude>
    <ClInclude Include="lib\codec\3rdparty\openh264\codec\decoder\core\inc\wels_const.h">
      <Filter>头文件</Filter>
    </ClInclude>
    <ClInclude Include="lib\codec\3rdparty\openh264\codec\decoder\core\inc\wels_decoder_thread.h">
      <Filter>头文件</Filter>
    </ClInclude>
    <ClInclude Include="lib\codec\3rdparty\openh264\codec\decoder\plus\inc\welsDecoderExt.h">
      <Filter>头文件</Filter>
    </ClInclude>
    <ClInclude Include="lib\codec\3rdparty\openh264\codec\encoder\core\inc\as264_common.h">
      <Filter>头文件</Filter>
    </ClInclude>
    <ClInclude Include="lib\codec\3rdparty\openh264\codec\encoder\core\inc\au_set.h">
      <Filter>头文件</Filter>
    </ClInclude>
    <ClInclude Include="lib\codec\3rdparty\openh264\codec\encoder\core\inc\deblocking.h">
      <Filter>头文件</Filter>
    </ClInclude>
    <ClInclude Include="lib\codec\3rdparty\openh264\codec\encoder\core\inc\decode_mb_aux.h">
      <Filter>头文件</Filter>
    </ClInclude>
    <ClInclude Include="lib\codec\3rdparty\openh264\codec\encoder\core\inc\dq_map.h">
      <Filter>头文件</Filter>
    </ClInclude>
    <ClInclude Include="lib\codec\3rdparty\openh264\codec\encoder\core\inc\encode_mb_aux.h">
      <Filter>头文件</Filter>
    </ClInclude>
    <ClInclude Include="lib\codec\3rdparty\openh264\codec\encoder\core\inc\encoder.h">
      <Filter>头文件</Filter>
    </ClInclude>
    <ClInclude Include="lib\codec\3rdparty\openh264\codec\encoder\core\inc\encoder_context.h">
      <Filter>头文件</Filter>
    </ClInclude>
    <ClInclude Include="lib\codec\3rdparty\openh264\codec\encoder\core\inc\extern.h">
      <Filter>头文件</Filter>
    </ClInclude>
    <ClInclude Include="lib\codec\3rdparty\openh264\codec\encoder\core\inc\get_intra_predictor.h">
      <Filter>头文件</Filter>
    </ClInclude>
    <ClInclude Include="lib\codec\3rdparty\openh264\codec\encoder\core\inc\mb_cache.h">
      <Filter>头文件</Filter>
    </ClInclude>
    <ClInclude Include="lib\codec\3rdparty\openh264\codec\encoder\core\inc\md.h">
      <Filter>头文件</Filter>
    </ClInclude>
    <ClInclude Include="lib\codec\3rdparty\openh264\codec\encoder\core\inc\mt_defs.h">
      <Filter>头文件</Filter>
    </ClInclude>
    <ClInclude Include="lib\codec\3rdparty\openh264\codec\encoder\core\inc\mv_pred.h">
      <Filter>头文件</Filter>
    </ClInclude>
    <ClInclude Include="lib\codec\3rdparty\openh264\codec\encoder\core\inc\nal_encap.h">
      <Filter>头文件</Filter>
    </ClInclude>
    <ClInclude Include="lib\codec\3rdparty\openh264\codec\encoder\core\inc\param_svc.h">
      <Filter>头文件</Filter>
    </ClInclude>
    <ClInclude Include="lib\codec\3rdparty\openh264\codec\encoder\core\inc\parameter_sets.h">
      <Filter>头文件</Filter>
    </ClInclude>
    <ClInclude Include="lib\codec\3rdparty\openh264\codec\encoder\core\inc\paraset_strategy.h">
      <Filter>头文件</Filter>
    </ClInclude>
    <ClInclude Include="lib\codec\3rdparty\openh264\codec\encoder\core\inc\picture.h">
      <Filter>头文件</Filter>
    </ClInclude>
    <ClInclude Include="lib\codec\3rdparty\openh264\codec\encoder\core\inc\picture_handle.h">
      <Filter>头文件</Filter>
    </ClInclude>
    <ClInclude Include="lib\codec\3rdparty\openh264\codec\encoder\core\inc\rc.h">
      <Filter>头文件</Filter>
    </ClInclude>
    <ClInclude Include="lib\codec\3rdparty\openh264\codec\encoder\core\inc\ref_list_mgr_svc.h">
      <Filter>头文件</Filter>
    </ClInclude>
    <ClInclude Include="lib\codec\3rdparty\openh264\codec\encoder\core\inc\sample.h">
      <Filter>头文件</Filter>
    </ClInclude>
    <ClInclude Include="lib\codec\3rdparty\openh264\codec\encoder\core\inc\set_mb_syn_cabac.h">
      <Filter>头文件</Filter>
    </ClInclude>
    <ClInclude Include="lib\codec\3rdparty\openh264\codec\encoder\core\inc\set_mb_syn_cavlc.h">
      <Filter>头文件</Filter>
    </ClInclude>
    <ClInclude Include="lib\codec\3rdparty\openh264\codec\encoder\core\inc\slice.h">
      <Filter>头文件</Filter>
    </ClInclude>
    <ClInclude Include="lib\codec\3rdparty\openh264\codec\encoder\core\inc\slice_multi_threading.h">
      <Filter>头文件</Filter>
    </ClInclude>
    <ClInclude Include="lib\codec\3rdparty\openh264\codec\encoder\core\inc\stat.h">
      <Filter>头文件</Filter>
    </ClInclude>
    <ClInclude Include="lib\codec\3rdparty\openh264\codec\encoder\core\inc\svc_base_layer_md.h">
      <Filter>头文件</Filter>
    </ClInclude>
    <ClInclude Include="lib\codec\3rdparty\openh264\codec\encoder\core\inc\svc_enc_frame.h">
      <Filter>头文件</Filter>
    </ClInclude>
    <ClInclude Include="lib\codec\3rdparty\openh264\codec\encoder\core\inc\svc_enc_golomb.h">
      <Filter>头文件</Filter>
    </ClInclude>
    <ClInclude Include="lib\codec\3rdparty\openh264\codec\encoder\core\inc\svc_enc_macroblock.h">
      <Filter>头文件</Filter>
    </ClInclude>
    <ClInclude Include="lib\codec\3rdparty\openh264\codec\encoder\core\inc\svc_enc_slice_segment.h">
      <Filter>头文件</Filter>
    </ClInclude>
    <ClInclude Include="lib\codec\3rdparty\openh264\codec\encoder\core\inc\svc_encode_mb.h">
      <Filter>头文件</Filter>
    </ClInclude>
    <ClInclude Include="lib\codec\3rdparty\openh264\codec\encoder\core\inc\svc_encode_slice.h">
      <Filter>头文件</Filter>
    </ClInclude>
    <ClInclude Include="lib\codec\3rdparty\openh264\codec\encoder\core\inc\svc_mode_decision.h">
      <Filter>头文件</Filter>
    </ClInclude>
    <ClInclude Include="lib\codec\3rdparty\openh264\codec\encoder\core\inc\svc_motion_estimate.h">
      <Filter>头文件</Filter>
    </ClInclude>
    <ClInclude Include="lib\codec\3rdparty\openh264\codec\encoder\core\inc\svc_set_mb_syn.h">
      <Filter>头文件</Filter>
    </ClInclude>
    <ClInclude Include="lib\codec\3rdparty\openh264\codec\encoder\core\inc\svc_set_mb_syn_cavlc.h">
      <Filter>头文件</Filter>
    </ClInclude>
    <ClInclude Include="lib\codec\3rdparty\openh264\codec\encoder\core\inc\vlc_encoder.h">
      <Filter>头文件</Filter>
    </ClInclude>
    <ClInclude Include="lib\codec\3rdparty\openh264\codec\encoder\core\inc\wels_common_basis.h">
      <Filter>头文件</Filter>
    </ClInclude>
    <ClInclude Include="lib\codec\3rdparty\openh264\codec\encoder\core\inc\wels_const.h">
      <Filter>头文件</Filter>
    </ClInclude>
    <ClInclude Include="lib\codec\3rdparty\openh264\codec\encoder\core\inc\wels_func_ptr_def.h">
      <Filter>头文件</Filter>
    </ClInclude>
    <ClInclude Include="lib\codec\3rdparty\openh264\codec\encoder\core\inc\wels_preprocess.h">
      <Filter>头文件</Filter>
    </ClInclude>
    <ClInclude Include="lib\codec\3rdparty\openh264\codec\encoder\core\inc\wels_task_base.h">
      <Filter>头文件</Filter>
    </ClInclude>
    <ClInclude Include="lib\codec\3rdparty\openh264\codec\encoder\core\inc\wels_task_encoder.h">
      <Filter>头文件</Filter>
    </ClInclude>
    <ClInclude Include="lib\codec\3rdparty\openh264\codec\encoder\core\inc\wels_task_management.h">
      <Filter>头文件</Filter>
    </ClInclude>
    <ClInclude Include="lib\codec\3rdparty\openh264\codec\encoder\core\inc\wels_transpose_matrix.h">
      <Filter>头文件</Filter>
    </ClInclude>
    <ClInclude Include="lib\codec\3rdparty\openh264\codec\encoder\plus\inc\welsEncoderExt.h">
      <Filter>头文件</Filter>
    </ClInclude>
    <ClInclude Include="lib\codec\3rdparty\openh264\codec\processing\interface\IWelsVP.h">
      <Filter>头文件</Filter>
    </ClInclude>
    <ClInclude Include="lib\codec\3rdparty\openh264\codec\processing\src\adaptivequantization\AdaptiveQuantization.h">
      <Filter>头文件</Filter>
    </ClInclude>
    <ClInclude Include="lib\codec\3rdparty\openh264\codec\processing\src\backgrounddetection\BackgroundDetection.h">
      <Filter>头文件</Filter>
    </ClInclude>
    <ClInclude Include="lib\codec\3rdparty\openh264\codec\processing\src\common\common.h">
      <Filter>头文件</Filter>
    </ClInclude>
    <ClInclude Include="lib\codec\3rdparty\openh264\codec\processing\src\common\memory.h">
      <Filter>头文件</Filter>
    </ClInclude>
    <ClInclude Include="lib\codec\3rdparty\openh264\codec\processing\src\common\resource.h">
      <Filter>头文件</Filter>
    </ClInclude>
    <ClInclude Include="lib\codec\3rdparty\openh264\codec\processing\src\common\typedef.h">
      <Filter>头文件</Filter>
    </ClInclude>
    <ClInclude Include="lib\codec\3rdparty\openh264\codec\processing\src\common\util.h">
      <Filter>头文件</Filter>
    </ClInclude>
    <ClInclude Include="lib\codec\3rdparty\openh264\codec\processing\src\common\WelsFrameWork.h">
      <Filter>头文件</Filter>
    </ClInclude>
    <ClInclude Include="lib\codec\3rdparty\openh264\codec\processing\src\complexityanalysis\ComplexityAnalysis.h">
      <Filter>头文件</Filter>
    </ClInclude>
    <ClInclude Include="lib\codec\3rdparty\openh264\codec\processing\src\denoise\denoise.h">
      <Filter>头文件</Filter>
    </ClInclude>
    <ClInclude Include="lib\codec\3rdparty\openh264\codec\processing\src\downsample\downsample.h">
      <Filter>头文件</Filter>
    </ClInclude>
    <ClInclude Include="lib\codec\3rdparty\openh264\codec\processing\src\imagerotate\imagerotate.h">
      <Filter>头文件</Filter>
    </ClInclude>
    <ClInclude Include="lib\codec\3rdparty\openh264\codec\processing\src\scenechangedetection\SceneChangeDetection.h">
      <Filter>头文件</Filter>
    </ClInclude>
    <ClInclude Include="lib\codec\3rdparty\openh264\codec\processing\src\scrolldetection\ScrollDetection.h">
      <Filter>头文件</Filter>
    </ClInclude>
    <ClInclude Include="lib\codec\3rdparty\openh264\codec\processing\src\scrolldetection\ScrollDetectionFuncs.h">
      <Filter>头文件</Filter>
    </ClInclude>
    <ClInclude Include="lib\codec\3rdparty\openh264\codec\processing\src\vaacalc\vaacalculation.h">
      <Filter>头文件</Filter>
    </ClInclude>
    <ClInclude Include="lib\codec\3rdparty\tinyh264\basetype.h">
      <Filter>头文件</Filter>
    </ClInclude>
    <ClInclude Include="lib\codec\3rdparty\tinyh264\h264bsd_byte_stream.h">
      <Filter>头文件</Filter>
    </ClInclude>
    <ClInclude Include="lib\codec\3rdparty\tinyh264\h264bsd_cavlc.h">
      <Filter>头文件</Filter>
    </ClInclude>
    <ClInclude Include="lib\codec\3rdparty\tinyh264\h264bsd_cfg.h">
      <Filter>头文件</Filter>
    </ClInclude>
    <ClInclude Include="lib\codec\3rdparty\tinyh264\h264bsd_conceal.h">
      <Filter>头文件</Filter>
    </ClInclude>
    <ClInclude Include="lib\codec\3rdparty\tinyh264\h264bsd_container.h">
      <Filter>头文件</Filter>
    </ClInclude>
    <ClInclude Include="lib\codec\3rdparty\tinyh264\h264bsd_deblocking.h">
      <Filter>头文件</Filter>
    </ClInclude>
    <ClInclude Include="lib\codec\3rdparty\tinyh264\h264bsd_decoder.h">
      <Filter>头文件</Filter>
    </ClInclude>
    <ClInclude Include="lib\codec\3rdparty\tinyh264\h264bsd_dpb.h">
      <Filter>头文件</Filter>
    </ClInclude>
    <ClInclude Include="lib\codec\3rdparty\tinyh264\h264bsd_image.h">
      <Filter>头文件</Filter>
    </ClInclude>
    <ClInclude Include="lib\codec\3rdparty\tinyh264\h264bsd_inter_prediction.h">
      <Filter>头文件</Filter>
    </ClInclude>
    <ClInclude Include="lib\codec\3rdparty\tinyh264\h264bsd_intra_prediction.h">
      <Filter>头文件</Filter>
    </ClInclude>
    <ClInclude Include="lib\codec\3rdparty\tinyh264\h264bsd_macroblock_layer.h">
      <Filter>头文件</Filter>
    </ClInclude>
    <ClInclude Include="lib\codec\3rdparty\tinyh264\h264bsd_nal_unit.h">
      <Filter>头文件</Filter>
    </ClInclude>
    <ClInclude Include="lib\codec\3rdparty\tinyh264\h264bsd_neighbour.h">
      <Filter>头文件</Filter>
    </ClInclude>
    <ClInclude Include="lib\codec\3rdparty\tinyh264\h264bsd_pic_order_cnt.h">
      <Filter>头文件</Filter>
    </ClInclude>
    <ClInclude Include="lib\codec\3rdparty\tinyh264\h264bsd_pic_param_set.h">
      <Filter>头文件</Filter>
    </ClInclude>
    <ClInclude Include="lib\codec\3rdparty\tinyh264\h264bsd_reconstruct.h">
      <Filter>头文件</Filter>
    </ClInclude>
    <ClInclude Include="lib\codec\3rdparty\tinyh264\h264bsd_sei.h">
      <Filter>头文件</Filter>
    </ClInclude>
    <ClInclude Include="lib\codec\3rdparty\tinyh264\h264bsd_seq_param_set.h">
      <Filter>头文件</Filter>
    </ClInclude>
    <ClInclude Include="lib\codec\3rdparty\tinyh264\h264bsd_slice_data.h">
      <Filter>头文件</Filter>
    </ClInclude>
    <ClInclude Include="lib\codec\3rdparty\tinyh264\h264bsd_slice_group_map.h">
      <Filter>头文件</Filter>
    </ClInclude>
    <ClInclude Include="lib\codec\3rdparty\tinyh264\h264bsd_slice_header.h">
      <Filter>头文件</Filter>
    </ClInclude>
    <ClInclude Include="lib\codec\3rdparty\tinyh264\h264bsd_storage.h">
      <Filter>头文件</Filter>
    </ClInclude>
    <ClInclude Include="lib\codec\3rdparty\tinyh264\h264bsd_stream.h">
      <Filter>头文件</Filter>
    </ClInclude>
    <ClInclude Include="lib\codec\3rdparty\tinyh264\h264bsd_transform.h">
      <Filter>头文件</Filter>
    </ClInclude>
    <ClInclude Include="lib\codec\3rdparty\tinyh264\h264bsd_util.h">
      <Filter>头文件</Filter>
    </ClInclude>
    <ClInclude Include="lib\codec\3rdparty\tinyh264\h264bsd_vlc.h">
      <Filter>头文件</Filter>
    </ClInclude>
    <ClInclude Include="lib\codec\3rdparty\tinyh264\h264bsd_vui.h">
      <Filter>头文件</Filter>
    </ClInclude>
    <ClInclude Include="lib\codec\3rdparty\tinyh264\tinyh264.h">
      <Filter>头文件</Filter>
    </ClInclude>
    <ClInclude Include="lib\codec\src\codec\codec.h">
      <Filter>头文件</Filter>
    </ClInclude>
    <ClInclude Include="lib\codec\src\demuxer\audio_tag.h">
      <Filter>头文件</Filter>
    </ClInclude>
    <ClInclude Include="lib\codec\src\demuxer\body.h">
      <Filter>头文件</Filter>
    </ClInclude>
    <ClInclude Include="lib\codec\src\demuxer\data_tag.h">
      <Filter>头文件</Filter>
    </ClInclude>
    <ClInclude Include="lib\codec\src\demuxer\decoder.h">
      <Filter>头文件</Filter>
    </ClInclude>
    <ClInclude Include="lib\codec\src\demuxer\header.h">
      <Filter>头文件</Filter>
    </ClInclude>
    <ClInclude Include="lib\codec\src\demuxer\tag.h">
      <Filter>头文件</Filter>
    </ClInclude>
    <ClInclude Include="lib\codec\src\demuxer\vars.h">
      <Filter>头文件</Filter>
    </ClInclude>
    <ClInclude Include="lib\codec\src\demuxer\video_tag.h">
      <Filter>头文件</Filter>
    </ClInclude>
    <ClInclude Include="lib\codec\src\factor\codec_factor.h">
      <Filter>头文件</Filter>
    </ClInclude>
    <ClInclude Include="lib\codec\src\factor\factor_impl.h">
      <Filter>头文件</Filter>
    </ClInclude>
    <ClInclude Include="lib\codec\src\factor\h265_codec_factor.h">
      <Filter>头文件</Filter>
    </ClInclude>
    <ClInclude Include="lib\codec\src\helper\sdl.h">
      <Filter>头文件</Filter>
    </ClInclude>
    <ClInclude Include="lib\codec\src\stream\buffer.h">
      <Filter>头文件</Filter>
    </ClInclude>
    <ClInclude Include="lib\codec\src\config.h">
      <Filter>头文件</Filter>
    </ClInclude>
    <ClInclude Include="lib\codec\test\audio_tag_test.h">
      <Filter>头文件</Filter>
    </ClInclude>
    <ClInclude Include="lib\codec\test\body_test.h">
      <Filter>头文件</Filter>
    </ClInclude>
    <ClInclude Include="lib\codec\test\data_tag_test.h">
      <Filter>头文件</Filter>
    </ClInclude>
    <ClInclude Include="lib\codec\test\decoder_test.h">
      <Filter>头文件</Filter>
    </ClInclude>
    <ClInclude Include="lib\codec\test\header_test.h">
      <Filter>头文件</Filter>
    </ClInclude>
    <ClInclude Include="lib\codec\test\tag_test.h">
      <Filter>头文件</Filter>
    </ClInclude>
    <ClInclude Include="lib\codec\test\vars_test.h">
      <Filter>头文件</Filter>
    </ClInclude>
    <ClInclude Include="lib\codec\test\vassert.h">
      <Filter>头文件</Filter>
    </ClInclude>
    <ClInclude Include="lib\codec\test\video_tag_test.h">
      <Filter>头文件</Filter>
    </ClInclude>
  </ItemGroup>
  <ItemGroup>
    <ResourceCompile Include="lib\codec\3rdparty\openh264\codec\processing\src\common\WelsVP.rc" />
  </ItemGroup>
</Project>